
Microsoft Visual Studio Solution File, Format Version 12.00
# Visual Studio Version 16
VisualStudioVersion = 16.0.31205.134
MinimumVisualStudioVersion = 10.0.40219.1
Project("{FAE04EC0-301F-11D3-BF4B-00C04F79EFBC}") = "MegaDesk-Melo", "MegaDesk-Melo.csproj", "{A8A033BA-8DD0-412C-9EAE-64292E38A72A}"
EndProject
Global
	GlobalSection(SolutionConfigurationPlatforms) = preSolution
		Debug|Any CPU = Debug|Any CPU
		Release|Any CPU = Release|Any CPU
	EndGlobalSection
	GlobalSection(ProjectConfigurationPlatforms) = postSolution
		{A8A033BA-8DD0-412C-9EAE-64292E38A72A}.Debug|Any CPU.ActiveCfg = Debug|Any CPU
		{A8A033BA-8DD0-412C-9EAE-64292E38A72A}.Debug|Any CPU.Build.0 = Debug|Any CPU
		{A8A033BA-8DD0-412C-9EAE-64292E38A72A}.Release|Any CPU.ActiveCfg = Release|Any CPU
		{A8A033BA-8DD0-412C-9EAE-64292E38A72A}.Release|Any CPU.Build.0 = Release|Any CPU
	EndGlobalSection
	GlobalSection(SolutionProperties) = preSolution
		HideSolutionNode = FALSE
	EndGlobalSection
	GlobalSection(ExtensibilityGlobals) = postSolution
		SolutionGuid = {80C53105-85E2-4B95-8B01-432A5AF259DF}
	EndGlobalSection
EndGlobal
