
Microsoft Visual Studio Solution File, Format Version 12.00
# Visual Studio Version 16
VisualStudioVersion = 16.0.31205.134
MinimumVisualStudioVersion = 10.0.40219.1
Project("{FAE04EC0-301F-11D3-BF4B-00C04F79EFBC}") = "MyFirstConsoleApplication", "MyFirstConsoleApplication\MyFirstConsoleApplication.csproj", "{D08322A2-6CD0-48C9-9EE6-3E59B1E85B4E}"
EndProject
Global
	GlobalSection(SolutionConfigurationPlatforms) = preSolution
		Debug|Any CPU = Debug|Any CPU
		Release|Any CPU = Release|Any CPU
	EndGlobalSection
	GlobalSection(ProjectConfigurationPlatforms) = postSolution
		{D08322A2-6CD0-48C9-9EE6-3E59B1E85B4E}.Debug|Any CPU.ActiveCfg = Debug|Any CPU
		{D08322A2-6CD0-48C9-9EE6-3E59B1E85B4E}.Debug|Any CPU.Build.0 = Debug|Any CPU
		{D08322A2-6CD0-48C9-9EE6-3E59B1E85B4E}.Release|Any CPU.ActiveCfg = Release|Any CPU
		{D08322A2-6CD0-48C9-9EE6-3E59B1E85B4E}.Release|Any CPU.Build.0 = Release|Any CPU
	EndGlobalSection
	GlobalSection(SolutionProperties) = preSolution
		HideSolutionNode = FALSE
	EndGlobalSection
	GlobalSection(ExtensibilityGlobals) = postSolution
		SolutionGuid = {C4B5037E-3425-4DE7-ABDF-E05F0BC41894}
	EndGlobalSection
EndGlobal
